// !$*UTF8*$!
{
	archiveVersion = 1;
	classes = {
	};
	objectVersion = 51;
	objects = {

/* Begin PBXBuildFile section */
		18B95CF25F61E54BADF5AE34 /* Pods_SpringAnimationHW.framework in Frameworks */ = {isa = PBXBuildFile; fileRef = 4D9B81E5A1ECA15BE04B5EE8 /* Pods_SpringAnimationHW.framework */; };
		A57CAF2126FA5854009405D8 /* AppDelegate.swift in Sources */ = {isa = PBXBuildFile; fileRef = A57CAF2026FA5854009405D8 /* AppDelegate.swift */; };
		A57CAF2326FA5854009405D8 /* SceneDelegate.swift in Sources */ = {isa = PBXBuildFile; fileRef = A57CAF2226FA5854009405D8 /* SceneDelegate.swift */; };
		A57CAF2526FA5854009405D8 /* ViewController.swift in Sources */ = {isa = PBXBuildFile; fileRef = A57CAF2426FA5854009405D8 /* ViewController.swift */; };
		A57CAF2826FA5854009405D8 /* Main.storyboard in Resources */ = {isa = PBXBuildFile; fileRef = A57CAF2626FA5854009405D8 /* Main.storyboard */; };
		A57CAF2A26FA5855009405D8 /* Assets.xcassets in Resources */ = {isa = PBXBuildFile; fileRef = A57CAF2926FA5855009405D8 /* Assets.xcassets */; };
		A57CAF2D26FA5855009405D8 /* LaunchScreen.storyboard in Resources */ = {isa = PBXBuildFile; fileRef = A57CAF2B26FA5855009405D8 /* LaunchScreen.storyboard */; };
		A580FD5626FBA4DB007AF827 /* .gitignore in Resources */ = {isa = PBXBuildFile; fileRef = A580FD5526FBA4DB007AF827 /* .gitignore */; };
		A580FD5926FBA870007AF827 /* AnimationSpring.swift in Sources */ = {isa = PBXBuildFile; fileRef = A580FD5826FBA870007AF827 /* AnimationSpring.swift */; };
/* End PBXBuildFile section */

/* Begin PBXFileReference section */
		400FD11681427B20C9C52DB7 /* Pods-SpringAnimationHW.release.xcconfig */ = {isa = PBXFileReference; includeInIndex = 1; lastKnownFileType = text.xcconfig; name = "Pods-SpringAnimationHW.release.xcconfig"; path = "Target Support Files/Pods-SpringAnimationHW/Pods-SpringAnimationHW.release.xcconfig"; sourceTree = "<group>"; };
		4D9B81E5A1ECA15BE04B5EE8 /* Pods_SpringAnimationHW.framework */ = {isa = PBXFileReference; explicitFileType = wrapper.framework; includeInIndex = 0; path = Pods_SpringAnimationHW.framework; sourceTree = BUILT_PRODUCTS_DIR; };
		5539B9938940826C6C46C8F2 /* Pods-SpringAnimationHW.debug.xcconfig */ = {isa = PBXFileReference; includeInIndex = 1; lastKnownFileType = text.xcconfig; name = "Pods-SpringAnimationHW.debug.xcconfig"; path = "Target Support Files/Pods-SpringAnimationHW/Pods-SpringAnimationHW.debug.xcconfig"; sourceTree = "<group>"; };
		A57CAF1D26FA5854009405D8 /* SpringAnimationHW.app */ = {isa = PBXFileReference; explicitFileType = wrapper.application; includeInIndex = 0; path = SpringAnimationHW.app; sourceTree = BUILT_PRODUCTS_DIR; };
		A57CAF2026FA5854009405D8 /* AppDelegate.swift */ = {isa = PBXFileReference; lastKnownFileType = sourcecode.swift; path = AppDelegate.swift; sourceTree = "<group>"; };
		A57CAF2226FA5854009405D8 /* SceneDelegate.swift */ = {isa = PBXFileReference; lastKnownFileType = sourcecode.swift; path = SceneDelegate.swift; sourceTree = "<group>"; };
		A57CAF2426FA5854009405D8 /* ViewController.swift */ = {isa = PBXFileReference; lastKnownFileType = sourcecode.swift; path = ViewController.swift; sourceTree = "<group>"; };
		A57CAF2726FA5854009405D8 /* Base */ = {isa = PBXFileReference; lastKnownFileType = file.storyboard; name = Base; path = Base.lproj/Main.storyboard; sourceTree = "<group>"; };
		A57CAF2926FA5855009405D8 /* Assets.xcassets */ = {isa = PBXFileReference; lastKnownFileType = folder.assetcatalog; path = Assets.xcassets; sourceTree = "<group>"; };
		A57CAF2C26FA5855009405D8 /* Base */ = {isa = PBXFileReference; lastKnownFileType = file.storyboard; name = Base; path = Base.lproj/LaunchScreen.storyboard; sourceTree = "<group>"; };
		A57CAF2E26FA5855009405D8 /* Info.plist */ = {isa = PBXFileReference; lastKnownFileType = text.plist.xml; path = Info.plist; sourceTree = "<group>"; };
		A580FD5526FBA4DB007AF827 /* .gitignore */ = {isa = PBXFileReference; lastKnownFileType = text; path = .gitignore; sourceTree = "<group>"; };
		A580FD5826FBA870007AF827 /* AnimationSpring.swift */ = {isa = PBXFileReference; lastKnownFileType = sourcecode.swift; path = AnimationSpring.swift; sourceTree = "<group>"; };
/* End PBXFileReference section */

/* Begin PBXFrameworksBuildPhase section */
		A57CAF1A26FA5854009405D8 /* Frameworks */ = {
			isa = PBXFrameworksBuildPhase;
			buildActionMask = 2147483647;
			files = (
				18B95CF25F61E54BADF5AE34 /* Pods_SpringAnimationHW.framework in Frameworks */,
			);
			runOnlyForDeploymentPostprocessing = 0;
		};
/* End PBXFrameworksBuildPhase section */

/* Begin PBXGroup section */
		A2CE5E50464D3458E57DFD70 /* Pods */ = {
			isa = PBXGroup;
			children = (
				5539B9938940826C6C46C8F2 /* Pods-SpringAnimationHW.debug.xcconfig */,
				400FD11681427B20C9C52DB7 /* Pods-SpringAnimationHW.release.xcconfig */,
			);
			path = Pods;
			sourceTree = "<group>";
		};
		A57CAF1426FA5854009405D8 = {
			isa = PBXGroup;
			children = (
				A580FD5526FBA4DB007AF827 /* .gitignore */,
				A57CAF1F26FA5854009405D8 /* SpringAnimationHW */,
				A57CAF1E26FA5854009405D8 /* Products */,
				A2CE5E50464D3458E57DFD70 /* Pods */,
				D21E0783C5C4C63B3B0B4C3F /* Frameworks */,
			);
			sourceTree = "<group>";
		};
		A57CAF1E26FA5854009405D8 /* Products */ = {
			isa = PBXGroup;
			children = (
				A57CAF1D26FA5854009405D8 /* SpringAnimationHW.app */,
			);
			name = Products;
			sourceTree = "<group>";
		};
		A57CAF1F26FA5854009405D8 /* SpringAnimationHW */ = {
			isa = PBXGroup;
			children = (
				A57CAF3626FA589E009405D8 /* Storyboards */,
				A57CAF3526FA5891009405D8 /* ViewControllers */,
				A580FD5726FBA84D007AF827 /* Models */,
				A57CAF3426FA5885009405D8 /* App */,
				A57CAF3726FA58B0009405D8 /* Resourses */,
			);
			path = SpringAnimationHW;
			sourceTree = "<group>";
		};
		A57CAF3426FA5885009405D8 /* App */ = {
			isa = PBXGroup;
			children = (
				A57CAF2026FA5854009405D8 /* AppDelegate.swift */,
				A57CAF2226FA5854009405D8 /* SceneDelegate.swift */,
				A57CAF2E26FA5855009405D8 /* Info.plist */,
			);
			path = App;
			sourceTree = "<group>";
		};
		A57CAF3526FA5891009405D8 /* ViewControllers */ = {
			isa = PBXGroup;
			children = (
				A57CAF2426FA5854009405D8 /* ViewController.swift */,
			);
			path = ViewControllers;
			sourceTree = "<group>";
		};
		A57CAF3626FA589E009405D8 /* Storyboards */ = {
			isa = PBXGroup;
			children = (
				A57CAF2626FA5854009405D8 /* Main.storyboard */,
				A57CAF2B26FA5855009405D8 /* LaunchScreen.storyboard */,
			);
			path = Storyboards;
			sourceTree = "<group>";
		};
		A57CAF3726FA58B0009405D8 /* Resourses */ = {
			isa = PBXGroup;
			children = (
				A57CAF2926FA5855009405D8 /* Assets.xcassets */,
			);
			path = Resourses;
			sourceTree = "<group>";
		};
		A580FD5726FBA84D007AF827 /* Models */ = {
			isa = PBXGroup;
			children = (
				A580FD5826FBA870007AF827 /* AnimationSpring.swift */,
			);
			path = Models;
			sourceTree = "<group>";
		};
		D21E0783C5C4C63B3B0B4C3F /* Frameworks */ = {
			isa = PBXGroup;
			children = (
				4D9B81E5A1ECA15BE04B5EE8 /* Pods_SpringAnimationHW.framework */,
			);
			name = Frameworks;
			sourceTree = "<group>";
		};
/* End PBXGroup section */

/* Begin PBXNativeTarget section */
		A57CAF1C26FA5854009405D8 /* SpringAnimationHW */ = {
			isa = PBXNativeTarget;
			buildConfigurationList = A57CAF3126FA5855009405D8 /* Build configuration list for PBXNativeTarget "SpringAnimationHW" */;
			buildPhases = (
				3A6132235F80097E002C70D0 /* [CP] Check Pods Manifest.lock */,
				A57CAF1926FA5854009405D8 /* Sources */,
				A57CAF1A26FA5854009405D8 /* Frameworks */,
				A57CAF1B26FA5854009405D8 /* Resources */,
				D930DFC941A0D526339E9721 /* [CP] Embed Pods Frameworks */,
			);
			buildRules = (
			);
			dependencies = (
			);
			name = SpringAnimationHW;
			productName = SpringAnimationHW;
			productReference = A57CAF1D26FA5854009405D8 /* SpringAnimationHW.app */;
			productType = "com.apple.product-type.application";
		};
/* End PBXNativeTarget section */

/* Begin PBXProject section */
		A57CAF1526FA5854009405D8 /* Project object */ = {
			isa = PBXProject;
			attributes = {
				LastSwiftUpdateCheck = 1250;
				LastUpgradeCheck = 1250;
				TargetAttributes = {
					A57CAF1C26FA5854009405D8 = {
						CreatedOnToolsVersion = 12.5.1;
					};
				};
			};
			buildConfigurationList = A57CAF1826FA5854009405D8 /* Build configuration list for PBXProject "SpringAnimationHW" */;
			compatibilityVersion = "Xcode 9.3";
			developmentRegion = en;
			hasScannedForEncodings = 0;
			knownRegions = (
				en,
				Base,
			);
			mainGroup = A57CAF1426FA5854009405D8;
			productRefGroup = A57CAF1E26FA5854009405D8 /* Products */;
			projectDirPath = "";
			projectRoot = "";
			targets = (
				A57CAF1C26FA5854009405D8 /* SpringAnimationHW */,
			);
		};
/* End PBXProject section */

/* Begin PBXResourcesBuildPhase section */
		A57CAF1B26FA5854009405D8 /* Resources */ = {
			isa = PBXResourcesBuildPhase;
			buildActionMask = 2147483647;
			files = (
				A580FD5626FBA4DB007AF827 /* .gitignore in Resources */,
				A57CAF2D26FA5855009405D8 /* LaunchScreen.storyboard in Resources */,
				A57CAF2A26FA5855009405D8 /* Assets.xcassets in Resources */,
				A57CAF2826FA5854009405D8 /* Main.storyboard in Resources */,
			);
			runOnlyForDeploymentPostprocessing = 0;
		};
/* End PBXResourcesBuildPhase section */

/* Begin PBXShellScriptBuildPhase section */
		3A6132235F80097E002C70D0 /* [CP] Check Pods Manifest.lock */ = {
			isa = PBXShellScriptBuildPhase;
			buildActionMask = 2147483647;
			files = (
			);
			inputFileListPaths = (
			);
			inputPaths = (
				"${PODS_PODFILE_DIR_PATH}/Podfile.lock",
				"${PODS_ROOT}/Manifest.lock",
			);
			name = "[CP] Check Pods Manifest.lock";
			outputFileListPaths = (
			);
			outputPaths = (
				"$(DERIVED_FILE_DIR)/Pods-SpringAnimationHW-checkManifestLockResult.txt",
			);
			runOnlyForDeploymentPostprocessing = 0;
			shellPath = /bin/sh;
			shellScript = "diff \"${PODS_PODFILE_DIR_PATH}/Podfile.lock\" \"${PODS_ROOT}/Manifest.lock\" > /dev/null\nif [ $? != 0 ] ; then\n    # print error to STDERR\n    echo \"error: The sandbox is not in sync with the Podfile.lock. Run 'pod install' or update your CocoaPods installation.\" >&2\n    exit 1\nfi\n# This output is used by Xcode 'outputs' to avoid re-running this script phase.\necho \"SUCCESS\" > \"${SCRIPT_OUTPUT_FILE_0}\"\n";
			showEnvVarsInLog = 0;
		};
		D930DFC941A0D526339E9721 /* [CP] Embed Pods Frameworks */ = {
			isa = PBXShellScriptBuildPhase;
			buildActionMask = 2147483647;
			files = (
			);
			inputFileListPaths = (
				"${PODS_ROOT}/Target Support Files/Pods-SpringAnimationHW/Pods-SpringAnimationHW-frameworks-${CONFIGURATION}-input-files.xcfilelist",
			);
			name = "[CP] Embed Pods Frameworks";
			outputFileListPaths = (
				"${PODS_ROOT}/Target Support Files/Pods-SpringAnimationHW/Pods-SpringAnimationHW-frameworks-${CONFIGURATION}-output-files.xcfilelist",
			);
			runOnlyForDeploymentPostprocessing = 0;
			shellPath = /bin/sh;
			shellScript = "\"${PODS_ROOT}/Target Support Files/Pods-SpringAnimationHW/Pods-SpringAnimationHW-frameworks.sh\"\n";
			showEnvVarsInLog = 0;
		};
/* End PBXShellScriptBuildPhase section */

/* Begin PBXSourcesBuildPhase section */
		A57CAF1926FA5854009405D8 /* Sources */ = {
			isa = PBXSourcesBuildPhase;
			buildActionMask = 2147483647;
			files = (
				A57CAF2526FA5854009405D8 /* ViewController.swift in Sources */,
				A57CAF2126FA5854009405D8 /* AppDelegate.swift in Sources */,
				A580FD5926FBA870007AF827 /* AnimationSpring.swift in Sources */,
				A57CAF2326FA5854009405D8 /* SceneDelegate.swift in Sources */,
			);
			runOnlyForDeploymentPostprocessing = 0;
		};
/* End PBXSourcesBuildPhase section */

/* Begin PBXVariantGroup section */
		A57CAF2626FA5854009405D8 /* Main.storyboard */ = {
			isa = PBXVariantGroup;
			children = (
				A57CAF2726FA5854009405D8 /* Base */,
			);
			name = Main.storyboard;
			sourceTree = "<group>";
		};
		A57CAF2B26FA5855009405D8 /* LaunchScreen.storyboard */ = {
			isa = PBXVariantGroup;
			children = (
				A57CAF2C26FA5855009405D8 /* Base */,
			);
			name = LaunchScreen.storyboard;
			sourceTree = "<group>";
		};
/* End PBXVariantGroup section */

/* Begin XCBuildConfiguration section */
		A57CAF2F26FA5855009405D8 /* Debug */ = {
			isa = XCBuildConfiguration;
			buildSettings = {
				ALWAYS_SEARCH_USER_PATHS = NO;
				CLANG_ANALYZER_NONNULL = YES;
				CLANG_ANALYZER_NUMBER_OBJECT_CONVERSION = YES_AGGRESSIVE;
				CLANG_CXX_LANGUAGE_STANDARD = "gnu++14";
				CLANG_CXX_LIBRARY = "libc++";
				CLANG_ENABLE_MODULES = YES;
				CLANG_ENABLE_OBJC_ARC = YES;
				CLANG_ENABLE_OBJC_WEAK = YES;
				CLANG_WARN_BLOCK_CAPTURE_AUTORELEASING = YES;
				CLANG_WARN_BOOL_CONVERSION = YES;
				CLANG_WARN_COMMA = YES;
				CLANG_WARN_CONSTANT_CONVERSION = YES;
				CLANG_WARN_DEPRECATED_OBJC_IMPLEMENTATIONS = YES;
				CLANG_WARN_DIRECT_OBJC_ISA_USAGE = YES_ERROR;
				CLANG_WARN_DOCUMENTATION_COMMENTS = YES;
				CLANG_WARN_EMPTY_BODY = YES;
				CLANG_WARN_ENUM_CONVERSION = YES;
				CLANG_WARN_INFINITE_RECURSION = YES;
				CLANG_WARN_INT_CONVERSION = YES;
				CLANG_WARN_NON_LITERAL_NULL_CONVERSION = YES;
				CLANG_WARN_OBJC_IMPLICIT_RETAIN_SELF = YES;
				CLANG_WARN_OBJC_LITERAL_CONVERSION = YES;
				CLANG_WARN_OBJC_ROOT_CLASS = YES_ERROR;
				CLANG_WARN_QUOTED_INCLUDE_IN_FRAMEWORK_HEADER = YES;
				CLANG_WARN_RANGE_LOOP_ANALYSIS = YES;
				CLANG_WARN_STRICT_PROTOTYPES = YES;
				CLANG_WARN_SUSPICIOUS_MOVE = YES;
				CLANG_WARN_UNGUARDED_AVAILABILITY = YES_AGGRESSIVE;
				CLANG_WARN_UNREACHABLE_CODE = YES;
				CLANG_WARN__DUPLICATE_METHOD_MATCH = YES;
				COPY_PHASE_STRIP = NO;
				DEBUG_INFORMATION_FORMAT = dwarf;
				ENABLE_STRICT_OBJC_MSGSEND = YES;
				ENABLE_TESTABILITY = YES;
				GCC_C_LANGUAGE_STANDARD = gnu11;
				GCC_DYNAMIC_NO_PIC = NO;
				GCC_NO_COMMON_BLOCKS = YES;
				GCC_OPTIMIZATION_LEVEL = 0;
				GCC_PREPROCESSOR_DEFINITIONS = (
					"DEBUG=1",
					"$(inherited)",
				);
				GCC_WARN_64_TO_32_BIT_CONVERSION = YES;
				GCC_WARN_ABOUT_RETURN_TYPE = YES_ERROR;
				GCC_WARN_UNDECLARED_SELECTOR = YES;
				GCC_WARN_UNINITIALIZED_AUTOS = YES_AGGRESSIVE;
				GCC_WARN_UNUSED_FUNCTION = YES;
				GCC_WARN_UNUSED_VARIABLE = YES;
				IPHONEOS_DEPLOYMENT_TARGET = 14.5;
				MTL_ENABLE_DEBUG_INFO = INCLUDE_SOURCE;
				MTL_FAST_MATH = YES;
				ONLY_ACTIVE_ARCH = YES;
				SDKROOT = iphoneos;
				SWIFT_ACTIVE_COMPILATION_CONDITIONS = DEBUG;
				SWIFT_OPTIMIZATION_LEVEL = "-Onone";
			};
			name = Debug;
		};
		A57CAF3026FA5855009405D8 /* Release */ = {
			isa = XCBuildConfiguration;
			buildSettings = {
				ALWAYS_SEARCH_USER_PATHS = NO;
				CLANG_ANALYZER_NONNULL = YES;
				CLANG_ANALYZER_NUMBER_OBJECT_CONVERSION = YES_AGGRESSIVE;
				CLANG_CXX_LANGUAGE_STANDARD = "gnu++14";
				CLANG_CXX_LIBRARY = "libc++";
				CLANG_ENABLE_MODULES = YES;
				CLANG_ENABLE_OBJC_ARC = YES;
				CLANG_ENABLE_OBJC_WEAK = YES;
				CLANG_WARN_BLOCK_CAPTURE_AUTORELEASING = YES;
				CLANG_WARN_BOOL_CONVERSION = YES;
				CLANG_WARN_COMMA = YES;
				CLANG_WARN_CONSTANT_CONVERSION = YES;
				CLANG_WARN_DEPRECATED_OBJC_IMPLEMENTATIONS = YES;
				CLANG_WARN_DIRECT_OBJC_ISA_USAGE = YES_ERROR;
				CLANG_WARN_DOCUMENTATION_COMMENTS = YES;
				CLANG_WARN_EMPTY_BODY = YES;
				CLANG_WARN_ENUM_CONVERSION = YES;
				CLANG_WARN_INFINITE_RECURSION = YES;
				CLANG_WARN_INT_CONVERSION = YES;
				CLANG_WARN_NON_LITERAL_NULL_CONVERSION = YES;
				CLANG_WARN_OBJC_IMPLICIT_RETAIN_SELF = YES;
				CLANG_WARN_OBJC_LITERAL_CONVERSION = YES;
				CLANG_WARN_OBJC_ROOT_CLASS = YES_ERROR;
				CLANG_WARN_QUOTED_INCLUDE_IN_FRAMEWORK_HEADER = YES;
				CLANG_WARN_RANGE_LOOP_ANALYSIS = YES;
				CLANG_WARN_STRICT_PROTOTYPES = YES;
				CLANG_WARN_SUSPICIOUS_MOVE = YES;
				CLANG_WARN_UNGUARDED_AVAILABILITY = YES_AGGRESSIVE;
				CLANG_WARN_UNREACHABLE_CODE = YES;
				CLANG_WARN__DUPLICATE_METHOD_MATCH = YES;
				COPY_PHASE_STRIP = NO;
				DEBUG_INFORMATION_FORMAT = "dwarf-with-dsym";
				ENABLE_NS_ASSERTIONS = NO;
				ENABLE_STRICT_OBJC_MSGSEND = YES;
				GCC_C_LANGUAGE_STANDARD = gnu11;
				GCC_NO_COMMON_BLOCKS = YES;
				GCC_WARN_64_TO_32_BIT_CONVERSION = YES;
				GCC_WARN_ABOUT_RETURN_TYPE = YES_ERROR;
				GCC_WARN_UNDECLARED_SELECTOR = YES;
				GCC_WARN_UNINITIALIZED_AUTOS = YES_AGGRESSIVE;
				GCC_WARN_UNUSED_FUNCTION = YES;
				GCC_WARN_UNUSED_VARIABLE = YES;
				IPHONEOS_DEPLOYMENT_TARGET = 14.5;
				MTL_ENABLE_DEBUG_INFO = NO;
				MTL_FAST_MATH = YES;
				SDKROOT = iphoneos;
				SWIFT_COMPILATION_MODE = wholemodule;
				SWIFT_OPTIMIZATION_LEVEL = "-O";
				VALIDATE_PRODUCT = YES;
			};
			name = Release;
		};
		A57CAF3226FA5855009405D8 /* Debug */ = {
			isa = XCBuildConfiguration;
			baseConfigurationReference = 5539B9938940826C6C46C8F2 /* Pods-SpringAnimationHW.debug.xcconfig */;
			buildSettings = {
				ASSETCATALOG_COMPILER_APPICON_NAME = AppIcon;
				ASSETCATALOG_COMPILER_GLOBAL_ACCENT_COLOR_NAME = AccentColor;
				CODE_SIGN_STYLE = Automatic;
				DEVELOPMENT_TEAM = K242QA4C2Z;
				INFOPLIST_FILE = SpringAnimationHW/App/Info.plist;
				LD_RUNPATH_SEARCH_PATHS = (
					"$(inherited)",
					"@executable_path/Frameworks",
				);
				PRODUCT_BUNDLE_IDENTIFIER = Maria.Karpukhina.SpringAnimationHW;
				PRODUCT_NAME = "$(TARGET_NAME)";
				SWIFT_VERSION = 5.0;
				TARGETED_DEVICE_FAMILY = 1;
			};
			name = Debug;
		};
		A57CAF3326FA5855009405D8 /* Release */ = {
			isa = XCBuildConfiguration;
			baseConfigurationReference = 400FD11681427B20C9C52DB7 /* Pods-SpringAnimationHW.release.xcconfig */;
			buildSettings = {
				ASSETCATALOG_COMPILER_APPICON_NAME = AppIcon;
				ASSETCATALOG_COMPILER_GLOBAL_ACCENT_COLOR_NAME = AccentColor;
				CODE_SIGN_STYLE = Automatic;
				DEVELOPMENT_TEAM = K242QA4C2Z;
				INFOPLIST_FILE = SpringAnimationHW/App/Info.plist;
				LD_RUNPATH_SEARCH_PATHS = (
					"$(inherited)",
					"@executable_path/Frameworks",
				);
				PRODUCT_BUNDLE_IDENTIFIER = Maria.Karpukhina.SpringAnimationHW;
				PRODUCT_NAME = "$(TARGET_NAME)";
				SWIFT_VERSION = 5.0;
				TARGETED_DEVICE_FAMILY = 1;
			};
			name = Release;
		};
/* End XCBuildConfiguration section */

/* Begin XCConfigurationList section */
		A57CAF1826FA5854009405D8 /* Build configuration list for PBXProject "SpringAnimationHW" */ = {
			isa = XCConfigurationList;
			buildConfigurations = (
				A57CAF2F26FA5855009405D8 /* Debug */,
				A57CAF3026FA5855009405D8 /* Release */,
			);
			defaultConfigurationIsVisible = 0;
			defaultConfigurationName = Release;
		};
		A57CAF3126FA5855009405D8 /* Build configuration list for PBXNativeTarget "SpringAnimationHW" */ = {
			isa = XCConfigurationList;
			buildConfigurations = (
				A57CAF3226FA5855009405D8 /* Debug */,
				A57CAF3326FA5855009405D8 /* Release */,
			);
			defaultConfigurationIsVisible = 0;
			defaultConfigurationName = Release;
		};
/* End XCConfigurationList section */
	};
	rootObject = A57CAF1526FA5854009405D8 /* Project object */;
}
